// !$*UTF8*$!
{
	archiveVersion = 1;
	classes = {
	};
	objectVersion = 77;
	objects = {

/* Begin PBXBuildFile section */
		070D225266B646B00099D9AA /* libprojectM-4.dylib in Frameworks */ = {isa = PBXBuildFile; fileRef = 7A20AD235FAA57B02F27F964 /* libprojectM-4.dylib */; };
		0CA3166A5B4FE7D54556817E /* ProjectMEGLContext.mm in Sources */ = {isa = PBXBuildFile; fileRef = ABAEE979A39A09ED49F88F81 /* ProjectMEGLContext.mm */; };
		0D9211B77735E2DBCA94286E /* Cocoa.framework in Frameworks */ = {isa = PBXBuildFile; fileRef = 88B6666289C463A73A719C34 /* Cocoa.framework */; };
		0FE630F43EF1C1F5BDDB1904 /* IOSurface.framework in Frameworks */ = {isa = PBXBuildFile; fileRef = E5EE441D5475D5312BAEA3D2 /* IOSurface.framework */; };
		130EF1A181DEA5F2D9B53FFF /* PrismVisualizerView.mm in Sources */ = {isa = PBXBuildFile; fileRef = 70B78E2E49AE52CFBF6C3DA5 /* PrismVisualizerView.mm */; };
		21C6C9C832B3058E7062CFE0 /* libprojectM-4.dylib in Embed Vendor Libraries */ = {isa = PBXBuildFile; fileRef = 7A20AD235FAA57B02F27F964 /* libprojectM-4.dylib */; settings = {ATTRIBUTES = (CodeSignOnCopy, ); }; };
		2A5549CFA303D1A4092A2C57 /* libGLESv2.dylib in Embed Vendor Libraries */ = {isa = PBXBuildFile; fileRef = CB63489DA355B802D3656A96 /* libGLESv2.dylib */; settings = {ATTRIBUTES = (CodeSignOnCopy, ); }; };
		2C0D0C22A3AAF3AFCB619734 /* ProjectMEGLContext.mm in Sources */ = {isa = PBXBuildFile; fileRef = ABAEE979A39A09ED49F88F81 /* ProjectMEGLContext.mm */; };
		3413915FBA71756516480846 /* libGLESv2.dylib in Embed Vendor Libraries */ = {isa = PBXBuildFile; fileRef = CB63489DA355B802D3656A96 /* libGLESv2.dylib */; settings = {ATTRIBUTES = (CodeSignOnCopy, ); }; };
		3825490B1DEE668ADCD42AE3 /* libprojectM-4.dylib in Frameworks */ = {isa = PBXBuildFile; fileRef = 7A20AD235FAA57B02F27F964 /* libprojectM-4.dylib */; };
		3E98E8CE91AD8AD09A1CE3C4 /* ScreenSaver.framework in Frameworks */ = {isa = PBXBuildFile; fileRef = C8B49BCC83E0DF6CF19D5084 /* ScreenSaver.framework */; };
		4006B4EBE01A1EA73FF2BFB9 /* PrismVisualizerPlugin.mm in Sources */ = {isa = PBXBuildFile; fileRef = 26EAC53EA56A3113E5E3E00B /* PrismVisualizerPlugin.mm */; };
		50D8E41BDC4CE5A177CD4422 /* ProjectMEngine.mm in Sources */ = {isa = PBXBuildFile; fileRef = 49AF7952B8A7DA5D1E6967E0 /* ProjectMEngine.mm */; };
		54E6E9D3DEF29FB951CEA585 /* IOSurface.framework in Frameworks */ = {isa = PBXBuildFile; fileRef = E5EE441D5475D5312BAEA3D2 /* IOSurface.framework */; };
		589124ADE8E728D124B03C91 /* Cocoa.framework in Frameworks */ = {isa = PBXBuildFile; fileRef = 88B6666289C463A73A719C34 /* Cocoa.framework */; };
		5E93D7BA0DE579E1D93C5719 /* PrismScreenSaverView.mm in Sources */ = {isa = PBXBuildFile; fileRef = A82BF0ECEE9494FCC8A3BA67 /* PrismScreenSaverView.mm */; };
		62F28C248C9EDB552DB5DFA6 /* libEGL.dylib in Frameworks */ = {isa = PBXBuildFile; fileRef = 66DECD745A5A6D582CF50763 /* libEGL.dylib */; };
		66BC70B57978750B8BC585AE /* libprojectM-4.dylib in Embed Vendor Libraries */ = {isa = PBXBuildFile; fileRef = 7A20AD235FAA57B02F27F964 /* libprojectM-4.dylib */; settings = {ATTRIBUTES = (CodeSignOnCopy, ); }; };
		6ABE56BD81B4897FBE8B5A1F /* libEGL.dylib in Embed Vendor Libraries */ = {isa = PBXBuildFile; fileRef = 66DECD745A5A6D582CF50763 /* libEGL.dylib */; settings = {ATTRIBUTES = (CodeSignOnCopy, ); }; };
		6FCA5057353640E09DDB1BB5 /* libprojectM-4.dylib in Embed Vendor Libraries */ = {isa = PBXBuildFile; fileRef = 7A20AD235FAA57B02F27F964 /* libprojectM-4.dylib */; settings = {ATTRIBUTES = (CodeSignOnCopy, ); }; };
		76C8DF108D27DE361E91048B /* libEGL.dylib in Embed Vendor Libraries */ = {isa = PBXBuildFile; fileRef = 66DECD745A5A6D582CF50763 /* libEGL.dylib */; settings = {ATTRIBUTES = (CodeSignOnCopy, ); }; };
		76D4DBB2065AE54E6BDD58FA /* libGLESv2.dylib in Frameworks */ = {isa = PBXBuildFile; fileRef = CB63489DA355B802D3656A96 /* libGLESv2.dylib */; };
		80C21BC3A9BE5886F3D2D830 /* libEGL.dylib in Frameworks */ = {isa = PBXBuildFile; fileRef = 66DECD745A5A6D582CF50763 /* libEGL.dylib */; };
		8366D8EC827A2D48B935711E /* PrismScreenSaver.saver in Embed Visualizer Plugin & Screen Saver */ = {isa = PBXBuildFile; fileRef = 25458A4BCFBB98422AAE1D47 /* PrismScreenSaver.saver */; settings = {ATTRIBUTES = (CodeSignOnCopy, RemoveHeaderOnCopy, ); }; };
		8869823D97EF537A43DF7581 /* Metal.framework in Frameworks */ = {isa = PBXBuildFile; fileRef = AD4811541FD25BCDA0AD02D1 /* Metal.framework */; };
		962279CAFF57BC3F1D2BC24A /* MilkThumbnailProvider.swift in Sources */ = {isa = PBXBuildFile; fileRef = 51CF0372A85815BB74F05749 /* MilkThumbnailProvider.swift */; };
		96BD263678E83EA41F6023CE /* Metal.framework in Frameworks */ = {isa = PBXBuildFile; fileRef = AD4811541FD25BCDA0AD02D1 /* Metal.framework */; };
		9A772EE971EE68F26A25766F /* iTunesAPI.cpp in Sources */ = {isa = PBXBuildFile; fileRef = 442627372DE0ACC8B601A7BC /* iTunesAPI.cpp */; };
		A060826EFE9DF2A8371A0574 /* MilkDocumentIcon.icns in Resources */ = {isa = PBXBuildFile; fileRef = 7527EBC9E126FAE382A3B433 /* MilkDocumentIcon.icns */; };
		A2A9D0B423B0A785B86CCAA6 /* libprojectM-4.dylib in Frameworks */ = {isa = PBXBuildFile; fileRef = 7A20AD235FAA57B02F27F964 /* libprojectM-4.dylib */; };
		B368264CFA9DE29E9E4007C0 /* MilkQuickLook.appex in Embed Foundation Extensions */ = {isa = PBXBuildFile; fileRef = 16EE0B28541A385507882EDB /* MilkQuickLook.appex */; settings = {ATTRIBUTES = (RemoveHeaderOnCopy, ); }; };
		B8793EF3C6BD83977F757305 /* PrismVisualizerPlugin.bundle in Embed Visualizer Plugin & Screen Saver */ = {isa = PBXBuildFile; fileRef = D96831597B8D935BA3AD198B /* PrismVisualizerPlugin.bundle */; settings = {ATTRIBUTES = (CodeSignOnCopy, RemoveHeaderOnCopy, ); }; };
		BB8B072C1DA7972CE7BFC316 /* libEGL.dylib in Frameworks */ = {isa = PBXBuildFile; fileRef = 66DECD745A5A6D582CF50763 /* libEGL.dylib */; };
		BBE836B6ED6BBABC4C3F9E6A /* Cocoa.framework in Frameworks */ = {isa = PBXBuildFile; fileRef = 88B6666289C463A73A719C34 /* Cocoa.framework */; };
		C11A6D2720BC2714F7BCDF40 /* PrismVisualizerView.mm in Sources */ = {isa = PBXBuildFile; fileRef = 70B78E2E49AE52CFBF6C3DA5 /* PrismVisualizerView.mm */; };
		D5B56F4458CFDA8730720D8A /* libEGL.dylib in Embed Vendor Libraries */ = {isa = PBXBuildFile; fileRef = 66DECD745A5A6D582CF50763 /* libEGL.dylib */; settings = {ATTRIBUTES = (CodeSignOnCopy, ); }; };
		D7B97A958DF952647C0F710F /* libGLESv2.dylib in Frameworks */ = {isa = PBXBuildFile; fileRef = CB63489DA355B802D3656A96 /* libGLESv2.dylib */; };
		DBC328D778D0E1F4F0A21F99 /* libGLESv2.dylib in Frameworks */ = {isa = PBXBuildFile; fileRef = CB63489DA355B802D3656A96 /* libGLESv2.dylib */; };
		E07F78A5C684AAC09A11EB73 /* Presets in Resources */ = {isa = PBXBuildFile; fileRef = 16138E62CBECE155E2886C7B /* Presets */; };
		EB6A4113E5D80C6295263942 /* ProjectMEngine.mm in Sources */ = {isa = PBXBuildFile; fileRef = 49AF7952B8A7DA5D1E6967E0 /* ProjectMEngine.mm */; };
		F3F4447B3645E2C8194F5607 /* QuartzCore.framework in Frameworks */ = {isa = PBXBuildFile; fileRef = 802566EE0A89521879877FAC /* QuartzCore.framework */; };
		F48E5798C8AB9A04CE1E8132 /* QuartzCore.framework in Frameworks */ = {isa = PBXBuildFile; fileRef = 802566EE0A89521879877FAC /* QuartzCore.framework */; };
		FC5D65803B2FE1E851BA881F /* libGLESv2.dylib in Embed Vendor Libraries */ = {isa = PBXBuildFile; fileRef = CB63489DA355B802D3656A96 /* libGLESv2.dylib */; settings = {ATTRIBUTES = (CodeSignOnCopy, ); }; };
		FE1FBF2D5D64E2CFC79E3A42 /* Cocoa.framework in Frameworks */ = {isa = PBXBuildFile; fileRef = 88B6666289C463A73A719C34 /* Cocoa.framework */; };
/* End PBXBuildFile section */

/* Begin PBXContainerItemProxy section */
		333C798D0C77B427E12D7112 /* PBXContainerItemProxy */ = {
			isa = PBXContainerItemProxy;
			containerPortal = BEAB8FD53012B50A005F68B6 /* Project object */;
			proxyType = 1;
			remoteGlobalIDString = DC96B834FF4D53DE75CA32AC;
			remoteInfo = MilkQuickLook;
		};
		84A5D1E8DA9700B8B9270316 /* PBXContainerItemProxy */ = {
			isa = PBXContainerItemProxy;
			containerPortal = BEAB8FD53012B50A005F68B6 /* Project object */;
			proxyType = 1;
			remoteGlobalIDString = 730C7A56EA5C52EAA85CF01A;
			remoteInfo = PrismVisualizerPlugin;
		};
		BEAB8FED3012B50C005F68B6 /* PBXContainerItemProxy */ = {
			isa = PBXContainerItemProxy;
			containerPortal = BEAB8FD53012B50A005F68B6 /* Project object */;
			proxyType = 1;
			remoteGlobalIDString = BEAB8FDC3012B50A005F68B6;
			remoteInfo = Prism;
		};
		BEAB8FF73012B50C005F68B6 /* PBXContainerItemProxy */ = {
			isa = PBXContainerItemProxy;
			containerPortal = BEAB8FD53012B50A005F68B6 /* Project object */;
			proxyType = 1;
			remoteGlobalIDString = BEAB8FDC3012B50A005F68B6;
			remoteInfo = Prism;
		};
		DFE2F9289B19A4A029F1CE84 /* PBXContainerItemProxy */ = {
			isa = PBXContainerItemProxy;
			containerPortal = BEAB8FD53012B50A005F68B6 /* Project object */;
			proxyType = 1;
			remoteGlobalIDString = 3D78C2D736F06E3BF0674D4C;
			remoteInfo = PrismScreenSaver;
		};
/* End PBXContainerItemProxy section */

/* Begin PBXCopyFilesBuildPhase section */
		141407BA5A3D6307EECBC83A /* Embed Vendor Libraries */ = {
			isa = PBXCopyFilesBuildPhase;
			buildActionMask = 2147483647;
			dstPath = "";
			dstSubfolderSpec = 10;
			files = (
				6FCA5057353640E09DDB1BB5 /* libprojectM-4.dylib in Embed Vendor Libraries */,
				D5B56F4458CFDA8730720D8A /* libEGL.dylib in Embed Vendor Libraries */,
				3413915FBA71756516480846 /* libGLESv2.dylib in Embed Vendor Libraries */,
			);
			name = "Embed Vendor Libraries";
			runOnlyForDeploymentPostprocessing = 0;
		};
		1F6C9F9DE528A00D68E40DD4 /* Embed Visualizer Plugin & Screen Saver */ = {
			isa = PBXCopyFilesBuildPhase;
			buildActionMask = 2147483647;
			dstPath = "";
			dstSubfolderSpec = 7;
			files = (
				B8793EF3C6BD83977F757305 /* PrismVisualizerPlugin.bundle in Embed Visualizer Plugin & Screen Saver */,
				8366D8EC827A2D48B935711E /* PrismScreenSaver.saver in Embed Visualizer Plugin & Screen Saver */,
			);
			name = "Embed Visualizer Plugin & Screen Saver";
			runOnlyForDeploymentPostprocessing = 0;
		};
		71B11F482C7CC62FBEACC13C /* Embed Foundation Extensions */ = {
			isa = PBXCopyFilesBuildPhase;
			buildActionMask = 2147483647;
			dstPath = "";
			dstSubfolderSpec = 13;
			files = (
			);
			name = "Embed Foundation Extensions";
			runOnlyForDeploymentPostprocessing = 0;
		};
		AA3C2D70E3F2382E4373A324 /* Embed Vendor Libraries */ = {
			isa = PBXCopyFilesBuildPhase;
			buildActionMask = 2147483647;
			dstPath = "";
			dstSubfolderSpec = 10;
			files = (
				66BC70B57978750B8BC585AE /* libprojectM-4.dylib in Embed Vendor Libraries */,
				6ABE56BD81B4897FBE8B5A1F /* libEGL.dylib in Embed Vendor Libraries */,
				FC5D65803B2FE1E851BA881F /* libGLESv2.dylib in Embed Vendor Libraries */,
			);
			name = "Embed Vendor Libraries";
			runOnlyForDeploymentPostprocessing = 0;
		};
		C5ACE588BA39170B4EBC4F06 /* Embed Vendor Libraries */ = {
			isa = PBXCopyFilesBuildPhase;
			buildActionMask = 2147483647;
			dstPath = "";
			dstSubfolderSpec = 10;
			files = (
				21C6C9C832B3058E7062CFE0 /* libprojectM-4.dylib in Embed Vendor Libraries */,
				76C8DF108D27DE361E91048B /* libEGL.dylib in Embed Vendor Libraries */,
				2A5549CFA303D1A4092A2C57 /* libGLESv2.dylib in Embed Vendor Libraries */,
			);
			name = "Embed Vendor Libraries";
			runOnlyForDeploymentPostprocessing = 0;
		};
/* End PBXCopyFilesBuildPhase section */

/* Begin PBXFileReference section */
		022413514596D26960B14693 /* iTunesVisualAPI.h */ = {isa = PBXFileReference; lastKnownFileType = sourcecode.c.h; path = iTunesVisualAPI.h; sourceTree = "<group>"; };
		16138E62CBECE155E2886C7B /* Presets */ = {isa = PBXFileReference; lastKnownFileType = folder; path = Presets; sourceTree = "<group>"; };
		16EE0B28541A385507882EDB /* MilkQuickLook.appex */ = {isa = PBXFileReference; explicitFileType = "wrapper.app-extension"; includeInIndex = 0; path = MilkQuickLook.appex; sourceTree = BUILT_PRODUCTS_DIR; };
		2367CDFC8D8C4178DA39A56F /* ProjectMEngine.h */ = {isa = PBXFileReference; lastKnownFileType = sourcecode.c.h; name = ProjectMEngine.h; path = Prism/ProjectM/Bridge/ProjectMEngine.h; sourceTree = SOURCE_ROOT; };
		25458A4BCFBB98422AAE1D47 /* PrismScreenSaver.saver */ = {isa = PBXFileReference; explicitFileType = wrapper.cfbundle; includeInIndex = 0; path = PrismScreenSaver.saver; sourceTree = BUILT_PRODUCTS_DIR; };
		26EAC53EA56A3113E5E3E00B /* PrismVisualizerPlugin.mm */ = {isa = PBXFileReference; lastKnownFileType = sourcecode.cpp.objcpp; path = PrismVisualizerPlugin.mm; sourceTree = "<group>"; };
		3454D9F9C1E7A67D6E72B2C8 /* Info.plist */ = {isa = PBXFileReference; includeInIndex = 1; lastKnownFileType = text.plist.xml; path = Info.plist; sourceTree = "<group>"; };
		442627372DE0ACC8B601A7BC /* iTunesAPI.cpp */ = {isa = PBXFileReference; lastKnownFileType = sourcecode.cpp.cpp; path = iTunesAPI.cpp; sourceTree = "<group>"; };
		49AF7952B8A7DA5D1E6967E0 /* ProjectMEngine.mm */ = {isa = PBXFileReference; lastKnownFileType = sourcecode.cpp.objcpp; name = ProjectMEngine.mm; path = Prism/ProjectM/Bridge/ProjectMEngine.mm; sourceTree = SOURCE_ROOT; };
		51CF0372A85815BB74F05749 /* MilkThumbnailProvider.swift */ = {isa = PBXFileReference; includeInIndex = 1; lastKnownFileType = sourcecode.swift; path = MilkThumbnailProvider.swift; sourceTree = "<group>"; };
		65A6E945465D90D9D9D7B767 /* Info.plist */ = {isa = PBXFileReference; lastKnownFileType = text.plist.xml; path = Info.plist; sourceTree = "<group>"; };
		66DECD745A5A6D582CF50763 /* libEGL.dylib */ = {isa = PBXFileReference; includeInIndex = 1; lastKnownFileType = "compiled.mach-o.dylib"; name = libEGL.dylib; path = Vendor/angle/lib/libEGL.dylib; sourceTree = SOURCE_ROOT; };
		68CBBCF102DF19A60175B98F /* MilkQuickLook.entitlements */ = {isa = PBXFileReference; includeInIndex = 1; lastKnownFileType = text.plist.entitlements; path = MilkQuickLook.entitlements; sourceTree = "<group>"; };
		70B78E2E49AE52CFBF6C3DA5 /* PrismVisualizerView.mm */ = {isa = PBXFileReference; lastKnownFileType = sourcecode.cpp.objcpp; path = PrismVisualizerView.mm; sourceTree = "<group>"; };
		742BFF4793B84DF6FB67EA3C /* Info.plist */ = {isa = PBXFileReference; includeInIndex = 1; lastKnownFileType = text.plist.xml; path = Info.plist; sourceTree = "<group>"; };
		7527EBC9E126FAE382A3B433 /* MilkDocumentIcon.icns */ = {isa = PBXFileReference; includeInIndex = 1; lastKnownFileType = image.icns; name = MilkDocumentIcon.icns; path = ../MilkDocumentIcon.icns; sourceTree = "<group>"; };
		77133F83944300082AC1F72A /* PrismScreenSaverView.h */ = {isa = PBXFileReference; includeInIndex = 1; lastKnownFileType = sourcecode.c.h; path = PrismScreenSaverView.h; sourceTree = "<group>"; };
		7A20AD235FAA57B02F27F964 /* libprojectM-4.dylib */ = {isa = PBXFileReference; includeInIndex = 1; lastKnownFileType = "compiled.mach-o.dylib"; name = "libprojectM-4.dylib"; path = "Vendor/projectm-build/lib/libprojectM-4.dylib"; sourceTree = SOURCE_ROOT; };
		802566EE0A89521879877FAC /* QuartzCore.framework */ = {isa = PBXFileReference; lastKnownFileType = wrapper.framework; name = QuartzCore.framework; path = Platforms/MacOSX.platform/Developer/SDKs/MacOSX15.0.sdk/System/Library/Frameworks/QuartzCore.framework; sourceTree = DEVELOPER_DIR; };
		88B6666289C463A73A719C34 /* Cocoa.framework */ = {isa = PBXFileReference; lastKnownFileType = wrapper.framework; name = Cocoa.framework; path = Platforms/MacOSX.platform/Developer/SDKs/MacOSX15.0.sdk/System/Library/Frameworks/Cocoa.framework; sourceTree = DEVELOPER_DIR; };
		A82BF0ECEE9494FCC8A3BA67 /* PrismScreenSaverView.mm */ = {isa = PBXFileReference; includeInIndex = 1; lastKnownFileType = sourcecode.cpp.objcpp; path = PrismScreenSaverView.mm; sourceTree = "<group>"; };
		ABAEE979A39A09ED49F88F81 /* ProjectMEGLContext.mm */ = {isa = PBXFileReference; lastKnownFileType = sourcecode.cpp.objcpp; name = ProjectMEGLContext.mm; path = Prism/ProjectM/Bridge/ProjectMEGLContext.mm; sourceTree = SOURCE_ROOT; };
		AD4811541FD25BCDA0AD02D1 /* Metal.framework */ = {isa = PBXFileReference; lastKnownFileType = wrapper.framework; name = Metal.framework; path = Platforms/MacOSX.platform/Developer/SDKs/MacOSX15.0.sdk/System/Library/Frameworks/Metal.framework; sourceTree = DEVELOPER_DIR; };
		BE0D51DF3013C06900F41558 /* TO DO.md */ = {isa = PBXFileReference; lastKnownFileType = net.daringfireball.markdown; path = "TO DO.md"; sourceTree = "<group>"; };
		BEAB8FDD3012B50A005F68B6 /* Prism.app */ = {isa = PBXFileReference; explicitFileType = wrapper.application; includeInIndex = 0; path = Prism.app; sourceTree = BUILT_PRODUCTS_DIR; };
		BEAB8FEC3012B50C005F68B6 /* PrismTests.xctest */ = {isa = PBXFileReference; explicitFileType = wrapper.cfbundle; includeInIndex = 0; path = PrismTests.xctest; sourceTree = BUILT_PRODUCTS_DIR; };
		BEAB8FF63012B50C005F68B6 /* PrismUITests.xctest */ = {isa = PBXFileReference; explicitFileType = wrapper.cfbundle; includeInIndex = 0; path = PrismUITests.xctest; sourceTree = BUILT_PRODUCTS_DIR; };
		C8B49BCC83E0DF6CF19D5084 /* ScreenSaver.framework */ = {isa = PBXFileReference; lastKnownFileType = wrapper.framework; name = ScreenSaver.framework; path = Platforms/MacOSX.platform/Developer/SDKs/MacOSX15.0.sdk/System/Library/Frameworks/ScreenSaver.framework; sourceTree = DEVELOPER_DIR; };
		CB63489DA355B802D3656A96 /* libGLESv2.dylib */ = {isa = PBXFileReference; includeInIndex = 1; lastKnownFileType = "compiled.mach-o.dylib"; name = libGLESv2.dylib; path = Vendor/angle/lib/libGLESv2.dylib; sourceTree = SOURCE_ROOT; };
		CEF603000C93038CE77196F6 /* iTunesAPI.h */ = {isa = PBXFileReference; lastKnownFileType = sourcecode.c.h; path = iTunesAPI.h; sourceTree = "<group>"; };
		D0EADEB2D32B6E8674831D5A /* PrismVisualizerView.h */ = {isa = PBXFileReference; lastKnownFileType = sourcecode.c.h; path = PrismVisualizerView.h; sourceTree = "<group>"; };
		D96831597B8D935BA3AD198B /* PrismVisualizerPlugin.bundle */ = {isa = PBXFileReference; explicitFileType = wrapper.cfbundle; includeInIndex = 0; path = PrismVisualizerPlugin.bundle; sourceTree = BUILT_PRODUCTS_DIR; };
		E1593A710327DE5E8B021E3C /* ProjectMEGLContext.h */ = {isa = PBXFileReference; lastKnownFileType = sourcecode.c.h; name = ProjectMEGLContext.h; path = Prism/ProjectM/Bridge/ProjectMEGLContext.h; sourceTree = SOURCE_ROOT; };
		E5EE441D5475D5312BAEA3D2 /* IOSurface.framework */ = {isa = PBXFileReference; lastKnownFileType = wrapper.framework; name = IOSurface.framework; path = Platforms/MacOSX.platform/Developer/SDKs/MacOSX15.0.sdk/System/Library/Frameworks/IOSurface.framework; sourceTree = DEVELOPER_DIR; };
/* End PBXFileReference section */

/* Begin PBXFileSystemSynchronizedBuildFileExceptionSet section */
		BEAB900A3012B773005F68B6 /* Exceptions for "Prism" folder in "Prism" target */ = {
			isa = PBXFileSystemSynchronizedBuildFileExceptionSet;
			membershipExceptions = (
				Info.plist,
				MilkQuickLook/Info.plist,
				MilkQuickLook/MilkDocumentIcon.icns,
				MilkQuickLook/MilkThumbnailProvider.swift,
				PrismScreenSaver/Info.plist,
				PrismScreenSaver/PrismScreenSaverView.mm,
				PrismVisualizerPlugin/Info.plist,
				PrismVisualizerPlugin/iTunesSDK/iTunesAPI.cpp,
				PrismVisualizerPlugin/Presets/README.md,
				PrismVisualizerPlugin/PrismVisualizerPlugin.mm,
				PrismVisualizerPlugin/PrismVisualizerView.mm,
			);
			target = BEAB8FDC3012B50A005F68B6 /* Prism */;
		};
/* End PBXFileSystemSynchronizedBuildFileExceptionSet section */

/* Begin PBXFileSystemSynchronizedRootGroup section */
		BEAB8FDF3012B50A005F68B6 /* Prism */ = {
			isa = PBXFileSystemSynchronizedRootGroup;
			exceptions = (
				BEAB900A3012B773005F68B6 /* Exceptions for "Prism" folder in "Prism" target */,
			);
			path = Prism;
			sourceTree = "<group>";
		};
		BEAB8FEF3012B50C005F68B6 /* PrismTests */ = {
			isa = PBXFileSystemSynchronizedRootGroup;
			path = PrismTests;
			sourceTree = "<group>";
		};
		BEAB8FF93012B50C005F68B6 /* PrismUITests */ = {
			isa = PBXFileSystemSynchronizedRootGroup;
			path = PrismUITests;
			sourceTree = "<group>";
		};
/* End PBXFileSystemSynchronizedRootGroup section */

/* Begin PBXFrameworksBuildPhase section */
		837B03BDEBED71C27F0B55FC /* Frameworks */ = {
			isa = PBXFrameworksBuildPhase;
			buildActionMask = 2147483647;
			files = (
				BBE836B6ED6BBABC4C3F9E6A /* Cocoa.framework in Frameworks */,
			);
			runOnlyForDeploymentPostprocessing = 0;
		};
		86F30DABBABA24A2636B88DE /* Frameworks */ = {
			isa = PBXFrameworksBuildPhase;
			buildActionMask = 2147483647;
			files = (
				FE1FBF2D5D64E2CFC79E3A42 /* Cocoa.framework in Frameworks */,
				A2A9D0B423B0A785B86CCAA6 /* libprojectM-4.dylib in Frameworks */,
				80C21BC3A9BE5886F3D2D830 /* libEGL.dylib in Frameworks */,
				DBC328D778D0E1F4F0A21F99 /* libGLESv2.dylib in Frameworks */,
				0D9211B77735E2DBCA94286E /* Cocoa.framework in Frameworks */,
				96BD263678E83EA41F6023CE /* Metal.framework in Frameworks */,
				F48E5798C8AB9A04CE1E8132 /* QuartzCore.framework in Frameworks */,
				0FE630F43EF1C1F5BDDB1904 /* IOSurface.framework in Frameworks */,
				3E98E8CE91AD8AD09A1CE3C4 /* ScreenSaver.framework in Frameworks */,
			);
			runOnlyForDeploymentPostprocessing = 0;
		};
		ACB7F39D157A3EDEFB63E4CB /* Frameworks */ = {
			isa = PBXFrameworksBuildPhase;
			buildActionMask = 2147483647;
			files = (
				070D225266B646B00099D9AA /* libprojectM-4.dylib in Frameworks */,
				BB8B072C1DA7972CE7BFC316 /* libEGL.dylib in Frameworks */,
				D7B97A958DF952647C0F710F /* libGLESv2.dylib in Frameworks */,
				589124ADE8E728D124B03C91 /* Cocoa.framework in Frameworks */,
				8869823D97EF537A43DF7581 /* Metal.framework in Frameworks */,
				F3F4447B3645E2C8194F5607 /* QuartzCore.framework in Frameworks */,
				54E6E9D3DEF29FB951CEA585 /* IOSurface.framework in Frameworks */,
			);
			runOnlyForDeploymentPostprocessing = 0;
		};
		BEAB8FDA3012B50A005F68B6 /* Frameworks */ = {
			isa = PBXFrameworksBuildPhase;
			buildActionMask = 2147483647;
			files = (
				3825490B1DEE668ADCD42AE3 /* libprojectM-4.dylib in Frameworks */,
				62F28C248C9EDB552DB5DFA6 /* libEGL.dylib in Frameworks */,
				76D4DBB2065AE54E6BDD58FA /* libGLESv2.dylib in Frameworks */,
			);
			runOnlyForDeploymentPostprocessing = 0;
		};
		BEAB8FE93012B50C005F68B6 /* Frameworks */ = {
			isa = PBXFrameworksBuildPhase;
			buildActionMask = 2147483647;
			files = (
			);
			runOnlyForDeploymentPostprocessing = 0;
		};
		BEAB8FF33012B50C005F68B6 /* Frameworks */ = {
			isa = PBXFrameworksBuildPhase;
			buildActionMask = 2147483647;
			files = (
			);
			runOnlyForDeploymentPostprocessing = 0;
		};
/* End PBXFrameworksBuildPhase section */

/* Begin PBXGroup section */
		1AD4912198480A0651ABB5F5 /* PrismVisualizerPlugin */ = {
			isa = PBXGroup;
			children = (
				26EAC53EA56A3113E5E3E00B /* PrismVisualizerPlugin.mm */,
				D0EADEB2D32B6E8674831D5A /* PrismVisualizerView.h */,
				70B78E2E49AE52CFBF6C3DA5 /* PrismVisualizerView.mm */,
				65A6E945465D90D9D9D7B767 /* Info.plist */,
				16138E62CBECE155E2886C7B /* Presets */,
				AD39990CF9DE091735A2B6DF /* iTunesSDK */,
				2367CDFC8D8C4178DA39A56F /* ProjectMEngine.h */,
				49AF7952B8A7DA5D1E6967E0 /* ProjectMEngine.mm */,
				E1593A710327DE5E8B021E3C /* ProjectMEGLContext.h */,
				ABAEE979A39A09ED49F88F81 /* ProjectMEGLContext.mm */,
			);
			name = PrismVisualizerPlugin;
			path = Prism/PrismVisualizerPlugin;
			sourceTree = "<group>";
		};
		3C1AB62A39F5C2E0B9079290 /* MilkQuickLook */ = {
			isa = PBXGroup;
			children = (
				51CF0372A85815BB74F05749 /* MilkThumbnailProvider.swift */,
				3454D9F9C1E7A67D6E72B2C8 /* Info.plist */,
				68CBBCF102DF19A60175B98F /* MilkQuickLook.entitlements */,
				7527EBC9E126FAE382A3B433 /* MilkDocumentIcon.icns */,
			);
			name = MilkQuickLook;
			path = Prism/MilkQuickLook;
			sourceTree = "<group>";
		};
		452E147554C6330651F653F8 /* OS X */ = {
			isa = PBXGroup;
			children = (
				88B6666289C463A73A719C34 /* Cocoa.framework */,
				AD4811541FD25BCDA0AD02D1 /* Metal.framework */,
				802566EE0A89521879877FAC /* QuartzCore.framework */,
				E5EE441D5475D5312BAEA3D2 /* IOSurface.framework */,
				C8B49BCC83E0DF6CF19D5084 /* ScreenSaver.framework */,
			);
			name = "OS X";
			sourceTree = "<group>";
		};
		8F631662F44AB053F8B8219F /* Frameworks */ = {
			isa = PBXGroup;
			children = (
				452E147554C6330651F653F8 /* OS X */,
			);
			name = Frameworks;
			sourceTree = "<group>";
		};
		AD39990CF9DE091735A2B6DF /* iTunesSDK */ = {
			isa = PBXGroup;
			children = (
				CEF603000C93038CE77196F6 /* iTunesAPI.h */,
				022413514596D26960B14693 /* iTunesVisualAPI.h */,
				442627372DE0ACC8B601A7BC /* iTunesAPI.cpp */,
			);
			path = iTunesSDK;
			sourceTree = "<group>";
		};
		BCAF24C0B213990958B26549 /* Vendor Libraries */ = {
			isa = PBXGroup;
			children = (
				7A20AD235FAA57B02F27F964 /* libprojectM-4.dylib */,
				66DECD745A5A6D582CF50763 /* libEGL.dylib */,
				CB63489DA355B802D3656A96 /* libGLESv2.dylib */,
			);
			name = "Vendor Libraries";
			sourceTree = "<group>";
		};
		BEAB8FD43012B50A005F68B6 = {
			isa = PBXGroup;
			children = (
				BE0D51DF3013C06900F41558 /* TO DO.md */,
				BEAB8FDF3012B50A005F68B6 /* Prism */,
				BEAB8FEF3012B50C005F68B6 /* PrismTests */,
				BEAB8FF93012B50C005F68B6 /* PrismUITests */,
				BEAB8FDE3012B50A005F68B6 /* Products */,
				BCAF24C0B213990958B26549 /* Vendor Libraries */,
				8F631662F44AB053F8B8219F /* Frameworks */,
				3C1AB62A39F5C2E0B9079290 /* MilkQuickLook */,
				1AD4912198480A0651ABB5F5 /* PrismVisualizerPlugin */,
				DF1E80AAF34E66EE5C4787B1 /* PrismScreenSaver */,
			);
			sourceTree = "<group>";
		};
		BEAB8FDE3012B50A005F68B6 /* Products */ = {
			isa = PBXGroup;
			children = (
				BEAB8FDD3012B50A005F68B6 /* Prism.app */,
				BEAB8FEC3012B50C005F68B6 /* PrismTests.xctest */,
				BEAB8FF63012B50C005F68B6 /* PrismUITests.xctest */,
				16EE0B28541A385507882EDB /* MilkQuickLook.appex */,
				D96831597B8D935BA3AD198B /* PrismVisualizerPlugin.bundle */,
				25458A4BCFBB98422AAE1D47 /* PrismScreenSaver.saver */,
			);
			name = Products;
			sourceTree = "<group>";
		};
		DF1E80AAF34E66EE5C4787B1 /* PrismScreenSaver */ = {
			isa = PBXGroup;
			children = (
				77133F83944300082AC1F72A /* PrismScreenSaverView.h */,
				A82BF0ECEE9494FCC8A3BA67 /* PrismScreenSaverView.mm */,
				742BFF4793B84DF6FB67EA3C /* Info.plist */,
			);
			name = PrismScreenSaver;
			path = Prism/PrismScreenSaver;
			sourceTree = "<group>";
		};
/* End PBXGroup section */

/* Begin PBXNativeTarget section */
		3D78C2D736F06E3BF0674D4C /* PrismScreenSaver */ = {
			isa = PBXNativeTarget;
			buildConfigurationList = 415704F75083658E58633FB2 /* Build configuration list for PBXNativeTarget "PrismScreenSaver" */;
			buildPhases = (
				FF2E57C2C5A7CA47EAACC29A /* Sources */,
				86F30DABBABA24A2636B88DE /* Frameworks */,
				271641AA902A1518643827C7 /* Resources */,
				C5ACE588BA39170B4EBC4F06 /* Embed Vendor Libraries */,
			);
			buildRules = (
			);
			dependencies = (
			);
			name = PrismScreenSaver;
			productName = PrismScreenSaver;
			productReference = 25458A4BCFBB98422AAE1D47 /* PrismScreenSaver.saver */;
			productType = "com.apple.product-type.bundle";
		};
		730C7A56EA5C52EAA85CF01A /* PrismVisualizerPlugin */ = {
			isa = PBXNativeTarget;
			buildConfigurationList = 267DD69EF9C7114584812E11 /* Build configuration list for PBXNativeTarget "PrismVisualizerPlugin" */;
			buildPhases = (
				AB2B972B5C64DB7B1DA89AB1 /* Sources */,
				ACB7F39D157A3EDEFB63E4CB /* Frameworks */,
				F983CF737A000C7357602B57 /* Resources */,
				AA3C2D70E3F2382E4373A324 /* Embed Vendor Libraries */,
				6CD7F17E032B4C5CAFF3574D /* Bundle Milkdrop Presets (.milk only) */,
			);
			buildRules = (
			);
			dependencies = (
			);
			name = PrismVisualizerPlugin;
			productName = PrismVisualizerPlugin;
			productReference = D96831597B8D935BA3AD198B /* PrismVisualizerPlugin.bundle */;
			productType = "com.apple.product-type.bundle";
		};
		BEAB8FDC3012B50A005F68B6 /* Prism */ = {
			isa = PBXNativeTarget;
			buildConfigurationList = BEAB90003012B50C005F68B6 /* Build configuration list for PBXNativeTarget "Prism" */;
			buildPhases = (
				BEAB8FD93012B50A005F68B6 /* Sources */,
				BEAB8FDA3012B50A005F68B6 /* Frameworks */,
				BEAB8FDB3012B50A005F68B6 /* Resources */,
				141407BA5A3D6307EECBC83A /* Embed Vendor Libraries */,
				211CCFF14AFAFEF7D67740C5 /* Bundle Milkdrop Presets (.milk only) */,
				71B11F482C7CC62FBEACC13C /* Embed Foundation Extensions */,
				1F6C9F9DE528A00D68E40DD4 /* Embed Visualizer Plugin & Screen Saver */,
			);
			buildRules = (
			);
			dependencies = (
				E8C7323349BB80543FF04B4E /* PBXTargetDependency */,
				F52B1263573F70F5267B99A2 /* PBXTargetDependency */,
				3C4C875C2CAD754CA84C6AB3 /* PBXTargetDependency */,
			);
			fileSystemSynchronizedGroups = (
				BEAB8FDF3012B50A005F68B6 /* Prism */,
			);
			name = Prism;
			productName = Prism;
			productReference = BEAB8FDD3012B50A005F68B6 /* Prism.app */;
			productType = "com.apple.product-type.application";
		};
		BEAB8FEB3012B50C005F68B6 /* PrismTests */ = {
			isa = PBXNativeTarget;
			buildConfigurationList = BEAB90033012B50C005F68B6 /* Build configuration list for PBXNativeTarget "PrismTests" */;
			buildPhases = (
				BEAB8FE83012B50C005F68B6 /* Sources */,
				BEAB8FE93012B50C005F68B6 /* Frameworks */,
				BEAB8FEA3012B50C005F68B6 /* Resources */,
			);
			buildRules = (
			);
			dependencies = (
				BEAB8FEE3012B50C005F68B6 /* PBXTargetDependency */,
			);
			fileSystemSynchronizedGroups = (
				BEAB8FEF3012B50C005F68B6 /* PrismTests */,
			);
			name = PrismTests;
			productName = PrismTests;
			productReference = BEAB8FEC3012B50C005F68B6 /* PrismTests.xctest */;
			productType = "com.apple.product-type.bundle.unit-test";
		};
		BEAB8FF53012B50C005F68B6 /* PrismUITests */ = {
			isa = PBXNativeTarget;
			buildConfigurationList = BEAB90063012B50C005F68B6 /* Build configuration list for PBXNativeTarget "PrismUITests" */;
			buildPhases = (
				BEAB8FF23012B50C005F68B6 /* Sources */,
				BEAB8FF33012B50C005F68B6 /* Frameworks */,
				BEAB8FF43012B50C005F68B6 /* Resources */,
			);
			buildRules = (
			);
			dependencies = (
				BEAB8FF83012B50C005F68B6 /* PBXTargetDependency */,
			);
			fileSystemSynchronizedGroups = (
				BEAB8FF93012B50C005F68B6 /* PrismUITests */,
			);
			name = PrismUITests;
			productName = PrismUITests;
			productReference = BEAB8FF63012B50C005F68B6 /* PrismUITests.xctest */;
			productType = "com.apple.product-type.bundle.ui-testing";
		};
		DC96B834FF4D53DE75CA32AC /* MilkQuickLook */ = {
			isa = PBXNativeTarget;
			buildConfigurationList = 150F8FD6D8381136D7E0949E /* Build configuration list for PBXNativeTarget "MilkQuickLook" */;
			buildPhases = (
				C0322475AFBFE70EE9545362 /* Sources */,
				837B03BDEBED71C27F0B55FC /* Frameworks */,
				809E32A81176AD6D3E25C17E /* Resources */,
			);
			buildRules = (
			);
			dependencies = (
			);
			name = MilkQuickLook;
			productName = MilkQuickLook;
			productReference = 16EE0B28541A385507882EDB /* MilkQuickLook.appex */;
			productType = "com.apple.product-type.app-extension";
		};
/* End PBXNativeTarget section */

/* Begin PBXProject section */
		BEAB8FD53012B50A005F68B6 /* Project object */ = {
			isa = PBXProject;
			attributes = {
				BuildIndependentTargetsInParallel = 1;
				LastSwiftUpdateCheck = 2660;
				LastUpgradeCheck = 2700;
				TargetAttributes = {
					730C7A56EA5C52EAA85CF01A = {
						CreatedOnToolsVersion = 26.6;
					};
					BEAB8FDC3012B50A005F68B6 = {
						CreatedOnToolsVersion = 26.6;
					};
					BEAB8FEB3012B50C005F68B6 = {
						CreatedOnToolsVersion = 26.6;
						TestTargetID = BEAB8FDC3012B50A005F68B6;
					};
					BEAB8FF53012B50C005F68B6 = {
						CreatedOnToolsVersion = 26.6;
						TestTargetID = BEAB8FDC3012B50A005F68B6;
					};
				};
			};
			buildConfigurationList = BEAB8FD83012B50A005F68B6 /* Build configuration list for PBXProject "Prism" */;
			developmentRegion = en;
			hasScannedForEncodings = 0;
			knownRegions = (
				en,
				Base,
			);
			mainGroup = BEAB8FD43012B50A005F68B6;
			minimizedProjectReferenceProxies = 1;
			preferredProjectObjectVersion = 77;
			productRefGroup = BEAB8FDE3012B50A005F68B6 /* Products */;
			projectDirPath = "";
			projectRoot = "";
			targets = (
				BEAB8FDC3012B50A005F68B6 /* Prism */,
				BEAB8FEB3012B50C005F68B6 /* PrismTests */,
				BEAB8FF53012B50C005F68B6 /* PrismUITests */,
				DC96B834FF4D53DE75CA32AC /* MilkQuickLook */,
				730C7A56EA5C52EAA85CF01A /* PrismVisualizerPlugin */,
				3D78C2D736F06E3BF0674D4C /* PrismScreenSaver */,
			);
		};
/* End PBXProject section */

/* Begin PBXResourcesBuildPhase section */
		271641AA902A1518643827C7 /* Resources */ = {
			isa = PBXResourcesBuildPhase;
			buildActionMask = 2147483647;
			files = (
			);
			runOnlyForDeploymentPostprocessing = 0;
		};
		809E32A81176AD6D3E25C17E /* Resources */ = {
			isa = PBXResourcesBuildPhase;
			buildActionMask = 2147483647;
			files = (
				A060826EFE9DF2A8371A0574 /* MilkDocumentIcon.icns in Resources */,
			);
			runOnlyForDeploymentPostprocessing = 0;
		};
		BEAB8FDB3012B50A005F68B6 /* Resources */ = {
			isa = PBXResourcesBuildPhase;
			buildActionMask = 2147483647;
			files = (
			);
			runOnlyForDeploymentPostprocessing = 0;
		};
		BEAB8FEA3012B50C005F68B6 /* Resources */ = {
			isa = PBXResourcesBuildPhase;
			buildActionMask = 2147483647;
			files = (
			);
			runOnlyForDeploymentPostprocessing = 0;
		};
		BEAB8FF43012B50C005F68B6 /* Resources */ = {
			isa = PBXResourcesBuildPhase;
			buildActionMask = 2147483647;
			files = (
			);
			runOnlyForDeploymentPostprocessing = 0;
		};
		F983CF737A000C7357602B57 /* Resources */ = {
			isa = PBXResourcesBuildPhase;
			buildActionMask = 2147483647;
			files = (
				E07F78A5C684AAC09A11EB73 /* Presets in Resources */,
			);
			runOnlyForDeploymentPostprocessing = 0;
		};
/* End PBXResourcesBuildPhase section */

/* Begin PBXShellScriptBuildPhase section */
		211CCFF14AFAFEF7D67740C5 /* Bundle Milkdrop Presets (.milk only) */ = {
			isa = PBXShellScriptBuildPhase;
			alwaysOutOfDate = 1;
			buildActionMask = 2147483647;
			files = (
			);
			inputFileListPaths = (
			);
			inputPaths = (
			);
			name = "Bundle Milkdrop Presets (.milk only)";
			outputFileListPaths = (
			);
			outputPaths = (
			);
			runOnlyForDeploymentPostprocessing = 0;
			shellPath = /bin/bash;
			shellScript = "exec \"${SRCROOT}/Prism/Scripts/copy_bundled_presets.sh\"";
			showEnvVarsInLog = 0;
		};
		6CD7F17E032B4C5CAFF3574D /* Bundle Milkdrop Presets (.milk only) */ = {
			isa = PBXShellScriptBuildPhase;
			alwaysOutOfDate = 1;
			buildActionMask = 2147483647;
			files = (
			);
			inputFileListPaths = (
			);
			inputPaths = (
			);
			name = "Bundle Milkdrop Presets (.milk only)";
			outputFileListPaths = (
			);
			outputPaths = (
			);
			runOnlyForDeploymentPostprocessing = 0;
			shellPath = /bin/bash;
			shellScript = "exec \"${SRCROOT}/Prism/Scripts/copy_bundled_presets.sh\"";
			showEnvVarsInLog = 0;
		};
/* End PBXShellScriptBuildPhase section */

/* Begin PBXSourcesBuildPhase section */
		AB2B972B5C64DB7B1DA89AB1 /* Sources */ = {
			isa = PBXSourcesBuildPhase;
			buildActionMask = 2147483647;
			files = (
				4006B4EBE01A1EA73FF2BFB9 /* PrismVisualizerPlugin.mm in Sources */,
				C11A6D2720BC2714F7BCDF40 /* PrismVisualizerView.mm in Sources */,
				9A772EE971EE68F26A25766F /* iTunesAPI.cpp in Sources */,
				EB6A4113E5D80C6295263942 /* ProjectMEngine.mm in Sources */,
				0CA3166A5B4FE7D54556817E /* ProjectMEGLContext.mm in Sources */,
			);
			runOnlyForDeploymentPostprocessing = 0;
		};
		BEAB8FD93012B50A005F68B6 /* Sources */ = {
			isa = PBXSourcesBuildPhase;
			buildActionMask = 2147483647;
			files = (
			);
			runOnlyForDeploymentPostprocessing = 0;
		};
		BEAB8FE83012B50C005F68B6 /* Sources */ = {
			isa = PBXSourcesBuildPhase;
			buildActionMask = 2147483647;
			files = (
			);
			runOnlyForDeploymentPostprocessing = 0;
		};
		BEAB8FF23012B50C005F68B6 /* Sources */ = {
			isa = PBXSourcesBuildPhase;
			buildActionMask = 2147483647;
			files = (
			);
			runOnlyForDeploymentPostprocessing = 0;
		};
		C0322475AFBFE70EE9545362 /* Sources */ = {
			isa = PBXSourcesBuildPhase;
			buildActionMask = 2147483647;
			files = (
				962279CAFF57BC3F1D2BC24A /* MilkThumbnailProvider.swift in Sources */,
			);
			runOnlyForDeploymentPostprocessing = 0;
		};
		FF2E57C2C5A7CA47EAACC29A /* Sources */ = {
			isa = PBXSourcesBuildPhase;
			buildActionMask = 2147483647;
			files = (
				5E93D7BA0DE579E1D93C5719 /* PrismScreenSaverView.mm in Sources */,
				130EF1A181DEA5F2D9B53FFF /* PrismVisualizerView.mm in Sources */,
				50D8E41BDC4CE5A177CD4422 /* ProjectMEngine.mm in Sources */,
				2C0D0C22A3AAF3AFCB619734 /* ProjectMEGLContext.mm in Sources */,
			);
			runOnlyForDeploymentPostprocessing = 0;
		};
/* End PBXSourcesBuildPhase section */

/* Begin PBXTargetDependency section */
		3C4C875C2CAD754CA84C6AB3 /* PBXTargetDependency */ = {
			isa = PBXTargetDependency;
			name = PrismScreenSaver;
			target = 3D78C2D736F06E3BF0674D4C /* PrismScreenSaver */;
			targetProxy = DFE2F9289B19A4A029F1CE84 /* PBXContainerItemProxy */;
		};
		BEAB8FEE3012B50C005F68B6 /* PBXTargetDependency */ = {
			isa = PBXTargetDependency;
			target = BEAB8FDC3012B50A005F68B6 /* Prism */;
			targetProxy = BEAB8FED3012B50C005F68B6 /* PBXContainerItemProxy */;
		};
		BEAB8FF83012B50C005F68B6 /* PBXTargetDependency */ = {
			isa = PBXTargetDependency;
			target = BEAB8FDC3012B50A005F68B6 /* Prism */;
			targetProxy = BEAB8FF73012B50C005F68B6 /* PBXContainerItemProxy */;
		};
		E8C7323349BB80543FF04B4E /* PBXTargetDependency */ = {
			isa = PBXTargetDependency;
			name = MilkQuickLook;
			target = DC96B834FF4D53DE75CA32AC /* MilkQuickLook */;
			targetProxy = 333C798D0C77B427E12D7112 /* PBXContainerItemProxy */;
		};
		F52B1263573F70F5267B99A2 /* PBXTargetDependency */ = {
			isa = PBXTargetDependency;
			name = PrismVisualizerPlugin;
			target = 730C7A56EA5C52EAA85CF01A /* PrismVisualizerPlugin */;
			targetProxy = 84A5D1E8DA9700B8B9270316 /* PBXContainerItemProxy */;
		};
/* End PBXTargetDependency section */

/* Begin XCBuildConfiguration section */
		09E0029CAD21FF9576866B07 /* Debug */ = {
			isa = XCBuildConfiguration;
			buildSettings = {
				CODE_SIGN_STYLE = Automatic;
				CURRENT_PROJECT_VERSION = 1;
				DEVELOPMENT_TEAM = 4X76DT8A23;
				GENERATE_INFOPLIST_FILE = NO;
				HEADER_SEARCH_PATHS = (
					"$(inherited)",
					"$(PROJECT_DIR)/Vendor/projectm/src/api/include",
					"$(PROJECT_DIR)/Vendor/projectm-build/include",
					"$(PROJECT_DIR)/Vendor/angle/include",
				);
				INFOPLIST_FILE = Prism/PrismScreenSaver/Info.plist;
				INFOPLIST_KEY_CFBundleDisplayName = Prism;
				LD_RUNPATH_SEARCH_PATHS = (
					"$(inherited)",
					"@loader_path/../Frameworks",
				);
				LIBRARY_SEARCH_PATHS = (
					"$(inherited)",
					"$(PROJECT_DIR)/Vendor/projectm-build/lib",
					"$(PROJECT_DIR)/Vendor/angle/lib",
				);
				MACOSX_DEPLOYMENT_TARGET = 26.0;
				MARKETING_VERSION = 1.0;
				PRODUCT_BUNDLE_IDENTIFIER = Sawyer.Prism.ScreenSaver;
				PRODUCT_NAME = "$(TARGET_NAME)";
				SDKROOT = macosx;
				SKIP_INSTALL = YES;
				WRAPPER_EXTENSION = saver;
			};
			name = Debug;
		};
		88CF2825AED02DD5EA9EE2AD /* Release */ = {
			isa = XCBuildConfiguration;
			buildSettings = {
				APPLICATION_EXTENSION_API_ONLY = YES;
				CODE_SIGN_ENTITLEMENTS = Prism/MilkQuickLook/MilkQuickLook.entitlements;
				CODE_SIGN_STYLE = Automatic;
				CURRENT_PROJECT_VERSION = 1;
				DEVELOPMENT_TEAM = 4X76DT8A23;
				GENERATE_INFOPLIST_FILE = YES;
				INFOPLIST_FILE = Prism/MilkQuickLook/Info.plist;
				INFOPLIST_KEY_CFBundleDisplayName = Prism;
				LD_RUNPATH_SEARCH_PATHS = (
					"$(inherited)",
					"@executable_path/../Frameworks",
					"@executable_path/../../../../Frameworks",
				);
				MACOSX_DEPLOYMENT_TARGET = 26.0;
				MARKETING_VERSION = 1.0;
				PRODUCT_BUNDLE_IDENTIFIER = Sawyer.Prism.MilkQuickLook;
				PRODUCT_NAME = "$(TARGET_NAME)";
				SDKROOT = macosx;
				SKIP_INSTALL = YES;
				SWIFT_VERSION = 5.0;
			};
			name = Release;
		};
		AEAAFAEF5B42D6B342FF5BB9 /* Debug */ = {
			isa = XCBuildConfiguration;
			buildSettings = {
				CODE_SIGN_STYLE = Automatic;
				CURRENT_PROJECT_VERSION = 1;
				DEVELOPMENT_TEAM = 4X76DT8A23;
				GENERATE_INFOPLIST_FILE = NO;
				HEADER_SEARCH_PATHS = (
					"$(inherited)",
					"$(PROJECT_DIR)/Vendor/projectm/src/api/include",
					"$(PROJECT_DIR)/Vendor/projectm-build/include",
					"$(PROJECT_DIR)/Vendor/angle/include",
				);
				INFOPLIST_FILE = Prism/PrismVisualizerPlugin/Info.plist;
				INFOPLIST_KEY_CFBundleDisplayName = Prism;
				LD_RUNPATH_SEARCH_PATHS = (
					"$(inherited)",
					"@loader_path/../Frameworks",
				);
				LIBRARY_SEARCH_PATHS = (
					"$(inherited)",
					"$(PROJECT_DIR)/Vendor/projectm-build/lib",
					"$(PROJECT_DIR)/Vendor/angle/lib",
				);
				MACOSX_DEPLOYMENT_TARGET = 26.0;
				MARKETING_VERSION = 1.0;
				PRODUCT_BUNDLE_IDENTIFIER = Sawyer.Prism.VisualizerPlugin;
				PRODUCT_NAME = "$(TARGET_NAME)";
				SDKROOT = macosx;
				SKIP_INSTALL = YES;
				WRAPPER_EXTENSION = bundle;
			};
			name = Debug;
		};
		BEAB8FFE3012B50C005F68B6 /* Debug */ = {
			isa = XCBuildConfiguration;
			buildSettings = {
				ALWAYS_SEARCH_USER_PATHS = NO;
				ASSETCATALOG_COMPILER_GENERATE_SWIFT_ASSET_SYMBOL_EXTENSIONS = YES;
				CLANG_ANALYZER_NONNULL = YES;
				CLANG_ANALYZER_NUMBER_OBJECT_CONVERSION = YES_AGGRESSIVE;
				CLANG_CXX_LANGUAGE_STANDARD = "gnu++20";
				CLANG_ENABLE_MODULES = YES;
				CLANG_ENABLE_OBJC_ARC = YES;
				CLANG_ENABLE_OBJC_WEAK = YES;
				CLANG_WARN_BLOCK_CAPTURE_AUTORELEASING = YES;
				CLANG_WARN_BOOL_CONVERSION = YES;
				CLANG_WARN_COMMA = YES;
				CLANG_WARN_CONSTANT_CONVERSION = YES;
				CLANG_WARN_DEPRECATED_OBJC_IMPLEMENTATIONS = YES;
				CLANG_WARN_DIRECT_OBJC_ISA_USAGE = YES_ERROR;
				CLANG_WARN_DOCUMENTATION_COMMENTS = YES;
				CLANG_WARN_EMPTY_BODY = YES;
				CLANG_WARN_ENUM_CONVERSION = YES;
				CLANG_WARN_INFINITE_RECURSION = YES;
				CLANG_WARN_INT_CONVERSION = YES;
				CLANG_WARN_NON_LITERAL_NULL_CONVERSION = YES;
				CLANG_WARN_OBJC_IMPLICIT_RETAIN_SELF = YES;
				CLANG_WARN_OBJC_LITERAL_CONVERSION = YES;
				CLANG_WARN_OBJC_ROOT_CLASS = YES_ERROR;
				CLANG_WARN_QUOTED_INCLUDE_IN_FRAMEWORK_HEADER = YES;
				CLANG_WARN_RANGE_LOOP_ANALYSIS = YES;
				CLANG_WARN_STRICT_PROTOTYPES = YES;
				CLANG_WARN_SUSPICIOUS_MOVE = YES;
				CLANG_WARN_UNGUARDED_AVAILABILITY = YES_AGGRESSIVE;
				CLANG_WARN_UNREACHABLE_CODE = YES;
				CLANG_WARN__DUPLICATE_METHOD_MATCH = YES;
				COPY_PHASE_STRIP = NO;
				DEAD_CODE_STRIPPING = YES;
				DEBUG_INFORMATION_FORMAT = dwarf;
				DEVELOPMENT_TEAM = 4X76DT8A23;
				ENABLE_STRICT_OBJC_MSGSEND = YES;
				ENABLE_TESTABILITY = YES;
				ENABLE_USER_SCRIPT_SANDBOXING = NO;
				GCC_C_LANGUAGE_STANDARD = gnu17;
				GCC_DYNAMIC_NO_PIC = NO;
				GCC_NO_COMMON_BLOCKS = YES;
				GCC_OPTIMIZATION_LEVEL = 0;
				GCC_PREPROCESSOR_DEFINITIONS = (
					"DEBUG=1",
					"$(inherited)",
				);
				GCC_WARN_64_TO_32_BIT_CONVERSION = YES;
				GCC_WARN_ABOUT_RETURN_TYPE = YES_ERROR;
				GCC_WARN_UNDECLARED_SELECTOR = YES;
				GCC_WARN_UNINITIALIZED_AUTOS = YES_AGGRESSIVE;
				GCC_WARN_UNUSED_FUNCTION = YES;
				GCC_WARN_UNUSED_VARIABLE = YES;
				LOCALIZATION_PREFERS_STRING_CATALOGS = YES;
				MACOSX_DEPLOYMENT_TARGET = 26.5;
				MTL_ENABLE_DEBUG_INFO = INCLUDE_SOURCE;
				MTL_FAST_MATH = YES;
				ONLY_ACTIVE_ARCH = YES;
				SDKROOT = macosx;
				STRING_CATALOG_GENERATE_SYMBOLS = YES;
				SWIFT_ACTIVE_COMPILATION_CONDITIONS = "DEBUG $(inherited)";
				SWIFT_OPTIMIZATION_LEVEL = "-Onone";
			};
			name = Debug;
		};
		BEAB8FFF3012B50C005F68B6 /* Release */ = {
			isa = XCBuildConfiguration;
			buildSettings = {
				ALWAYS_SEARCH_USER_PATHS = NO;
				ARCHS = arm64;
				ASSETCATALOG_COMPILER_GENERATE_SWIFT_ASSET_SYMBOL_EXTENSIONS = YES;
				CLANG_ANALYZER_NONNULL = YES;
				CLANG_ANALYZER_NUMBER_OBJECT_CONVERSION = YES_AGGRESSIVE;
				CLANG_CXX_LANGUAGE_STANDARD = "gnu++20";
				CLANG_ENABLE_MODULES = YES;
				CLANG_ENABLE_OBJC_ARC = YES;
				CLANG_ENABLE_OBJC_WEAK = YES;
				CLANG_WARN_BLOCK_CAPTURE_AUTORELEASING = YES;
				CLANG_WARN_BOOL_CONVERSION = YES;
				CLANG_WARN_COMMA = YES;
				CLANG_WARN_CONSTANT_CONVERSION = YES;
				CLANG_WARN_DEPRECATED_OBJC_IMPLEMENTATIONS = YES;
				CLANG_WARN_DIRECT_OBJC_ISA_USAGE = YES_ERROR;
				CLANG_WARN_DOCUMENTATION_COMMENTS = YES;
				CLANG_WARN_EMPTY_BODY = YES;
				CLANG_WARN_ENUM_CONVERSION = YES;
				CLANG_WARN_INFINITE_RECURSION = YES;
				CLANG_WARN_INT_CONVERSION = YES;
				CLANG_WARN_NON_LITERAL_NULL_CONVERSION = YES;
				CLANG_WARN_OBJC_IMPLICIT_RETAIN_SELF = YES;
				CLANG_WARN_OBJC_LITERAL_CONVERSION = YES;
				CLANG_WARN_OBJC_ROOT_CLASS = YES_ERROR;
				CLANG_WARN_QUOTED_INCLUDE_IN_FRAMEWORK_HEADER = YES;
				CLANG_WARN_RANGE_LOOP_ANALYSIS = YES;
				CLANG_WARN_STRICT_PROTOTYPES = YES;
				CLANG_WARN_SUSPICIOUS_MOVE = YES;
				CLANG_WARN_UNGUARDED_AVAILABILITY = YES_AGGRESSIVE;
				CLANG_WARN_UNREACHABLE_CODE = YES;
				CLANG_WARN__DUPLICATE_METHOD_MATCH = YES;
				COPY_PHASE_STRIP = NO;
				DEAD_CODE_STRIPPING = YES;
				DEBUG_INFORMATION_FORMAT = "dwarf-with-dsym";
				DEVELOPMENT_TEAM = 4X76DT8A23;
				ENABLE_NS_ASSERTIONS = NO;
				ENABLE_STRICT_OBJC_MSGSEND = YES;
				ENABLE_USER_SCRIPT_SANDBOXING = NO;
				GCC_C_LANGUAGE_STANDARD = gnu17;
				GCC_NO_COMMON_BLOCKS = YES;
				GCC_WARN_64_TO_32_BIT_CONVERSION = YES;
				GCC_WARN_ABOUT_RETURN_TYPE = YES_ERROR;
				GCC_WARN_UNDECLARED_SELECTOR = YES;
				GCC_WARN_UNINITIALIZED_AUTOS = YES_AGGRESSIVE;
				GCC_WARN_UNUSED_FUNCTION = YES;
				GCC_WARN_UNUSED_VARIABLE = YES;
				LOCALIZATION_PREFERS_STRING_CATALOGS = YES;
				MACOSX_DEPLOYMENT_TARGET = 26.5;
				MTL_ENABLE_DEBUG_INFO = NO;
				MTL_FAST_MATH = YES;
				SDKROOT = macosx;
				STRING_CATALOG_GENERATE_SYMBOLS = YES;
				SWIFT_COMPILATION_MODE = wholemodule;
			};
			name = Release;
		};
		BEAB90013012B50C005F68B6 /* Debug */ = {
			isa = XCBuildConfiguration;
			buildSettings = {
				ASSETCATALOG_COMPILER_ALTERNATE_APPICON_NAMES = LGPrismTieDyeIcon;
				ASSETCATALOG_COMPILER_APPICON_NAME = LGPrismIcon;
				ASSETCATALOG_COMPILER_GLOBAL_ACCENT_COLOR_NAME = AccentColor;
				ASSETCATALOG_COMPILER_INCLUDE_ALL_APPICON_ASSETS = YES;
				CODE_SIGN_ENTITLEMENTS = Prism/Prism.entitlements;
				CODE_SIGN_STYLE = Automatic;
				COMBINE_HIDPI_IMAGES = YES;
				CURRENT_PROJECT_VERSION = 1;
				DEAD_CODE_STRIPPING = YES;
				DEVELOPMENT_TEAM = 4X76DT8A23;
				ENABLE_APP_SANDBOX = YES;
				ENABLE_HARDENED_RUNTIME = YES;
				ENABLE_INCOMING_NETWORK_CONNECTIONS = NO;
				ENABLE_OUTGOING_NETWORK_CONNECTIONS = YES;
				ENABLE_PREVIEWS = YES;
				ENABLE_RESOURCE_ACCESS_AUDIO_INPUT = NO;
				ENABLE_RESOURCE_ACCESS_BLUETOOTH = NO;
				ENABLE_RESOURCE_ACCESS_CALENDARS = NO;
				ENABLE_RESOURCE_ACCESS_CAMERA = NO;
				ENABLE_RESOURCE_ACCESS_CONTACTS = NO;
				ENABLE_RESOURCE_ACCESS_LOCATION = NO;
				ENABLE_RESOURCE_ACCESS_PRINTING = NO;
				ENABLE_RESOURCE_ACCESS_USB = NO;
				ENABLE_USER_SELECTED_FILES = readonly;
				GENERATE_INFOPLIST_FILE = YES;
				HEADER_SEARCH_PATHS = (
					"$(inherited)",
					"$(PROJECT_DIR)/Vendor/projectm/src/api/include",
					"$(PROJECT_DIR)/Vendor/projectm-build/include",
					"$(PROJECT_DIR)/Vendor/angle/include",
				);
				INFOPLIST_FILE = Prism/Info.plist;
				INFOPLIST_KEY_CFBundleDisplayName = Prism;
				INFOPLIST_KEY_LSApplicationCategoryType = "public.app-category.music";
				INFOPLIST_KEY_NSAppleEventsUsageDescription = "Prism needs permission to see what track is currently playing.";
				INFOPLIST_KEY_NSHumanReadableCopyright = "";
				LD_RUNPATH_SEARCH_PATHS = (
					"$(inherited)",
					"@executable_path/../Frameworks",
				);
				LIBRARY_SEARCH_PATHS = (
					"$(inherited)",
					"$(PROJECT_DIR)/Vendor/projectm-build/lib",
					"$(PROJECT_DIR)/Vendor/angle/lib",
				);
				MACOSX_DEPLOYMENT_TARGET = 26.0;
				MARKETING_VERSION = 1.0;
				PRODUCT_BUNDLE_IDENTIFIER = Sawyer.Prism;
				PRODUCT_NAME = "$(TARGET_NAME)";
				STRING_CATALOG_GENERATE_SYMBOLS = YES;
				SWIFT_APPROACHABLE_CONCURRENCY = YES;
				SWIFT_DEFAULT_ACTOR_ISOLATION = MainActor;
				SWIFT_EMIT_LOC_STRINGS = YES;
				SWIFT_OBJC_BRIDGING_HEADER = "Prism/Prism-Bridging-Header.h";
				SWIFT_UPCOMING_FEATURE_MEMBER_IMPORT_VISIBILITY = YES;
				SWIFT_VERSION = 5.0;
			};
			name = Debug;
		};
		BEAB90023012B50C005F68B6 /* Release */ = {
			isa = XCBuildConfiguration;
			buildSettings = {
				ASSETCATALOG_COMPILER_ALTERNATE_APPICON_NAMES = LGPrismTieDyeIcon;
				ASSETCATALOG_COMPILER_APPICON_NAME = LGPrismIcon;
				ASSETCATALOG_COMPILER_GLOBAL_ACCENT_COLOR_NAME = AccentColor;
				ASSETCATALOG_COMPILER_INCLUDE_ALL_APPICON_ASSETS = YES;
				CODE_SIGN_ENTITLEMENTS = Prism/Prism.entitlements;
				CODE_SIGN_STYLE = Automatic;
				COMBINE_HIDPI_IMAGES = YES;
				CURRENT_PROJECT_VERSION = 1;
				DEAD_CODE_STRIPPING = YES;
				DEVELOPMENT_TEAM = 4X76DT8A23;
				ENABLE_APP_SANDBOX = YES;
				ENABLE_HARDENED_RUNTIME = YES;
				ENABLE_INCOMING_NETWORK_CONNECTIONS = NO;
				ENABLE_OUTGOING_NETWORK_CONNECTIONS = YES;
				ENABLE_PREVIEWS = YES;
				ENABLE_RESOURCE_ACCESS_AUDIO_INPUT = NO;
				ENABLE_RESOURCE_ACCESS_BLUETOOTH = NO;
				ENABLE_RESOURCE_ACCESS_CALENDARS = NO;
				ENABLE_RESOURCE_ACCESS_CAMERA = NO;
				ENABLE_RESOURCE_ACCESS_CONTACTS = NO;
				ENABLE_RESOURCE_ACCESS_LOCATION = NO;
				ENABLE_RESOURCE_ACCESS_PRINTING = NO;
				ENABLE_RESOURCE_ACCESS_USB = NO;
				ENABLE_USER_SELECTED_FILES = readonly;
				GENERATE_INFOPLIST_FILE = YES;
				HEADER_SEARCH_PATHS = (
					"$(inherited)",
					"$(PROJECT_DIR)/Vendor/projectm/src/api/include",
					"$(PROJECT_DIR)/Vendor/projectm-build/include",
					"$(PROJECT_DIR)/Vendor/angle/include",
				);
				INFOPLIST_FILE = Prism/Info.plist;
				INFOPLIST_KEY_CFBundleDisplayName = Prism;
				INFOPLIST_KEY_LSApplicationCategoryType = "public.app-category.music";
				INFOPLIST_KEY_NSAppleEventsUsageDescription = "Prism needs permission to see what track is currently playing.";
				INFOPLIST_KEY_NSHumanReadableCopyright = "";
				LD_RUNPATH_SEARCH_PATHS = (
					"$(inherited)",
					"@executable_path/../Frameworks",
				);
				LIBRARY_SEARCH_PATHS = (
					"$(inherited)",
					"$(PROJECT_DIR)/Vendor/projectm-build/lib",
					"$(PROJECT_DIR)/Vendor/angle/lib",
				);
				MACOSX_DEPLOYMENT_TARGET = 26.0;
				MARKETING_VERSION = 1.0;
				PRODUCT_BUNDLE_IDENTIFIER = Sawyer.Prism;
				PRODUCT_NAME = "$(TARGET_NAME)";
				STRING_CATALOG_GENERATE_SYMBOLS = YES;
				SWIFT_APPROACHABLE_CONCURRENCY = YES;
				SWIFT_DEFAULT_ACTOR_ISOLATION = MainActor;
				SWIFT_EMIT_LOC_STRINGS = YES;
				SWIFT_OBJC_BRIDGING_HEADER = "Prism/Prism-Bridging-Header.h";
				SWIFT_UPCOMING_FEATURE_MEMBER_IMPORT_VISIBILITY = YES;
				SWIFT_VERSION = 5.0;
			};
			name = Release;
		};
		BEAB90043012B50C005F68B6 /* Debug */ = {
			isa = XCBuildConfiguration;
			buildSettings = {
				BUNDLE_LOADER = "$(TEST_HOST)";
				CODE_SIGN_STYLE = Automatic;
				CURRENT_PROJECT_VERSION = 1;
				DEAD_CODE_STRIPPING = YES;
				DEVELOPMENT_TEAM = 4X76DT8A23;
				GENERATE_INFOPLIST_FILE = YES;
				MACOSX_DEPLOYMENT_TARGET = 26.5;
				MARKETING_VERSION = 1.0;
				PRODUCT_BUNDLE_IDENTIFIER = Sawyer.PrismTests;
				PRODUCT_NAME = "$(TARGET_NAME)";
				STRING_CATALOG_GENERATE_SYMBOLS = NO;
				SWIFT_APPROACHABLE_CONCURRENCY = YES;
				SWIFT_EMIT_LOC_STRINGS = NO;
				SWIFT_UPCOMING_FEATURE_MEMBER_IMPORT_VISIBILITY = YES;
				SWIFT_VERSION = 5.0;
				TEST_HOST = "$(BUILT_PRODUCTS_DIR)/Prism.app/$(BUNDLE_EXECUTABLE_FOLDER_PATH)/Prism";
			};
			name = Debug;
		};
		BEAB90053012B50C005F68B6 /* Release */ = {
			isa = XCBuildConfiguration;
			buildSettings = {
				BUNDLE_LOADER = "$(TEST_HOST)";
				CODE_SIGN_STYLE = Automatic;
				CURRENT_PROJECT_VERSION = 1;
				DEAD_CODE_STRIPPING = YES;
				DEVELOPMENT_TEAM = 4X76DT8A23;
				GENERATE_INFOPLIST_FILE = YES;
				MACOSX_DEPLOYMENT_TARGET = 26.5;
				MARKETING_VERSION = 1.0;
				PRODUCT_BUNDLE_IDENTIFIER = Sawyer.PrismTests;
				PRODUCT_NAME = "$(TARGET_NAME)";
				STRING_CATALOG_GENERATE_SYMBOLS = NO;
				SWIFT_APPROACHABLE_CONCURRENCY = YES;
				SWIFT_EMIT_LOC_STRINGS = NO;
				SWIFT_UPCOMING_FEATURE_MEMBER_IMPORT_VISIBILITY = YES;
				SWIFT_VERSION = 5.0;
				TEST_HOST = "$(BUILT_PRODUCTS_DIR)/Prism.app/$(BUNDLE_EXECUTABLE_FOLDER_PATH)/Prism";
			};
			name = Release;
		};
		BEAB90073012B50C005F68B6 /* Debug */ = {
			isa = XCBuildConfiguration;
			buildSettings = {
				CODE_SIGN_STYLE = Automatic;
				CURRENT_PROJECT_VERSION = 1;
				DEAD_CODE_STRIPPING = YES;
				DEVELOPMENT_TEAM = 4X76DT8A23;
				GENERATE_INFOPLIST_FILE = YES;
				MARKETING_VERSION = 1.0;
				PRODUCT_BUNDLE_IDENTIFIER = Sawyer.PrismUITests;
				PRODUCT_NAME = "$(TARGET_NAME)";
				STRING_CATALOG_GENERATE_SYMBOLS = NO;
				SWIFT_APPROACHABLE_CONCURRENCY = YES;
				SWIFT_EMIT_LOC_STRINGS = NO;
				SWIFT_UPCOMING_FEATURE_MEMBER_IMPORT_VISIBILITY = YES;
				SWIFT_VERSION = 5.0;
				TEST_TARGET_NAME = Prism;
			};
			name = Debug;
		};
		BEAB90083012B50C005F68B6 /* Release */ = {
			isa = XCBuildConfiguration;
			buildSettings = {
				CODE_SIGN_STYLE = Automatic;
				CURRENT_PROJECT_VERSION = 1;
				DEAD_CODE_STRIPPING = YES;
				DEVELOPMENT_TEAM = 4X76DT8A23;
				GENERATE_INFOPLIST_FILE = YES;
				MARKETING_VERSION = 1.0;
				PRODUCT_BUNDLE_IDENTIFIER = Sawyer.PrismUITests;
				PRODUCT_NAME = "$(TARGET_NAME)";
				STRING_CATALOG_GENERATE_SYMBOLS = NO;
				SWIFT_APPROACHABLE_CONCURRENCY = YES;
				SWIFT_EMIT_LOC_STRINGS = NO;
				SWIFT_UPCOMING_FEATURE_MEMBER_IMPORT_VISIBILITY = YES;
				SWIFT_VERSION = 5.0;
				TEST_TARGET_NAME = Prism;
			};
			name = Release;
		};
		C916EEBD383131C9C9599AEE /* Release */ = {
			isa = XCBuildConfiguration;
			buildSettings = {
				CODE_SIGN_STYLE = Automatic;
				CURRENT_PROJECT_VERSION = 1;
				DEVELOPMENT_TEAM = 4X76DT8A23;
				GENERATE_INFOPLIST_FILE = NO;
				HEADER_SEARCH_PATHS = (
					"$(inherited)",
					"$(PROJECT_DIR)/Vendor/projectm/src/api/include",
					"$(PROJECT_DIR)/Vendor/projectm-build/include",
					"$(PROJECT_DIR)/Vendor/angle/include",
				);
				INFOPLIST_FILE = Prism/PrismScreenSaver/Info.plist;
				INFOPLIST_KEY_CFBundleDisplayName = Prism;
				LD_RUNPATH_SEARCH_PATHS = (
					"$(inherited)",
					"@loader_path/../Frameworks",
				);
				LIBRARY_SEARCH_PATHS = (
					"$(inherited)",
					"$(PROJECT_DIR)/Vendor/projectm-build/lib",
					"$(PROJECT_DIR)/Vendor/angle/lib",
				);
				MACOSX_DEPLOYMENT_TARGET = 26.0;
				MARKETING_VERSION = 1.0;
				PRODUCT_BUNDLE_IDENTIFIER = Sawyer.Prism.ScreenSaver;
				PRODUCT_NAME = "$(TARGET_NAME)";
				SDKROOT = macosx;
				SKIP_INSTALL = YES;
				WRAPPER_EXTENSION = saver;
			};
			name = Release;
		};
		E0F59D7CA621F0DCE6F8A59F /* Debug */ = {
			isa = XCBuildConfiguration;
			buildSettings = {
				APPLICATION_EXTENSION_API_ONLY = YES;
				CODE_SIGN_ENTITLEMENTS = Prism/MilkQuickLook/MilkQuickLook.entitlements;
				CODE_SIGN_STYLE = Automatic;
				CURRENT_PROJECT_VERSION = 1;
				DEVELOPMENT_TEAM = 4X76DT8A23;
				GENERATE_INFOPLIST_FILE = YES;
				INFOPLIST_FILE = Prism/MilkQuickLook/Info.plist;
				INFOPLIST_KEY_CFBundleDisplayName = Prism;
				LD_RUNPATH_SEARCH_PATHS = (
					"$(inherited)",
					"@executable_path/../Frameworks",
					"@executable_path/../../../../Frameworks",
				);
				MACOSX_DEPLOYMENT_TARGET = 26.0;
				MARKETING_VERSION = 1.0;
				PRODUCT_BUNDLE_IDENTIFIER = Sawyer.Prism.MilkQuickLook;
				PRODUCT_NAME = "$(TARGET_NAME)";
				SDKROOT = macosx;
				SKIP_INSTALL = YES;
				SWIFT_VERSION = 5.0;
			};
			name = Debug;
		};
		F32D6E3636BE379C560D7912 /* Release */ = {
			isa = XCBuildConfiguration;
			buildSettings = {
				CODE_SIGN_STYLE = Automatic;
				CURRENT_PROJECT_VERSION = 1;
				DEVELOPMENT_TEAM = 4X76DT8A23;
				GENERATE_INFOPLIST_FILE = NO;
				HEADER_SEARCH_PATHS = (
					"$(inherited)",
					"$(PROJECT_DIR)/Vendor/projectm/src/api/include",
					"$(PROJECT_DIR)/Vendor/projectm-build/include",
					"$(PROJECT_DIR)/Vendor/angle/include",
				);
				INFOPLIST_FILE = Prism/PrismVisualizerPlugin/Info.plist;
				INFOPLIST_KEY_CFBundleDisplayName = Prism;
				LD_RUNPATH_SEARCH_PATHS = (
					"$(inherited)",
					"@loader_path/../Frameworks",
				);
				LIBRARY_SEARCH_PATHS = (
					"$(inherited)",
					"$(PROJECT_DIR)/Vendor/projectm-build/lib",
					"$(PROJECT_DIR)/Vendor/angle/lib",
				);
				MACOSX_DEPLOYMENT_TARGET = 26.0;
				MARKETING_VERSION = 1.0;
				PRODUCT_BUNDLE_IDENTIFIER = Sawyer.Prism.VisualizerPlugin;
				PRODUCT_NAME = "$(TARGET_NAME)";
				SDKROOT = macosx;
				SKIP_INSTALL = YES;
				WRAPPER_EXTENSION = bundle;
			};
			name = Release;
		};
/* End XCBuildConfiguration section */

/* Begin XCConfigurationList section */
		150F8FD6D8381136D7E0949E /* Build configuration list for PBXNativeTarget "MilkQuickLook" */ = {
			isa = XCConfigurationList;
			buildConfigurations = (
				88CF2825AED02DD5EA9EE2AD /* Release */,
				E0F59D7CA621F0DCE6F8A59F /* Debug */,
			);
			defaultConfigurationIsVisible = 0;
			defaultConfigurationName = Release;
		};
		267DD69EF9C7114584812E11 /* Build configuration list for PBXNativeTarget "PrismVisualizerPlugin" */ = {
			isa = XCConfigurationList;
			buildConfigurations = (
				AEAAFAEF5B42D6B342FF5BB9 /* Debug */,
				F32D6E3636BE379C560D7912 /* Release */,
			);
			defaultConfigurationIsVisible = 0;
			defaultConfigurationName = Release;
		};
		415704F75083658E58633FB2 /* Build configuration list for PBXNativeTarget "PrismScreenSaver" */ = {
			isa = XCConfigurationList;
			buildConfigurations = (
				C916EEBD383131C9C9599AEE /* Release */,
				09E0029CAD21FF9576866B07 /* Debug */,
			);
			defaultConfigurationIsVisible = 0;
			defaultConfigurationName = Release;
		};
		BEAB8FD83012B50A005F68B6 /* Build configuration list for PBXProject "Prism" */ = {
			isa = XCConfigurationList;
			buildConfigurations = (
				BEAB8FFE3012B50C005F68B6 /* Debug */,
				BEAB8FFF3012B50C005F68B6 /* Release */,
			);
			defaultConfigurationIsVisible = 0;
			defaultConfigurationName = Release;
		};
		BEAB90003012B50C005F68B6 /* Build configuration list for PBXNativeTarget "Prism" */ = {
			isa = XCConfigurationList;
			buildConfigurations = (
				BEAB90013012B50C005F68B6 /* Debug */,
				BEAB90023012B50C005F68B6 /* Release */,
			);
			defaultConfigurationIsVisible = 0;
			defaultConfigurationName = Release;
		};
		BEAB90033012B50C005F68B6 /* Build configuration list for PBXNativeTarget "PrismTests" */ = {
			isa = XCConfigurationList;
			buildConfigurations = (
				BEAB90043012B50C005F68B6 /* Debug */,
				BEAB90053012B50C005F68B6 /* Release */,
			);
			defaultConfigurationIsVisible = 0;
			defaultConfigurationName = Release;
		};
		BEAB90063012B50C005F68B6 /* Build configuration list for PBXNativeTarget "PrismUITests" */ = {
			isa = XCConfigurationList;
			buildConfigurations = (
				BEAB90073012B50C005F68B6 /* Debug */,
				BEAB90083012B50C005F68B6 /* Release */,
			);
			defaultConfigurationIsVisible = 0;
			defaultConfigurationName = Release;
		};
/* End XCConfigurationList section */
	};
	rootObject = BEAB8FD53012B50A005F68B6 /* Project object */;
}
